
Microsoft Visual Studio Solution File, Format Version 12.00
# Visual Studio 14
VisualStudioVersion = 14.0.25420.1
MinimumVisualStudioVersion = 10.0.40219.1
Project("{FAE04EC0-301F-11D3-BF4B-00C04F79EFBC}") = "CrossNavigation.Common", "CrossNavigation.Common\CrossNavigation.Common.csproj", "{038755EB-E2EC-4D6F-BCBC-09772D159344}"
EndProject
Project("{FAE04EC0-301F-11D3-BF4B-00C04F79EFBC}") = "CrossNavigation.Droid", "CrossNavigation.Droid\CrossNavigation.Droid.csproj", "{98AD29C1-0BE7-45F7-AC5F-F2B43B2538BE}"
EndProject
Global
	GlobalSection(SolutionConfigurationPlatforms) = preSolution
		Debug|Any CPU = Debug|Any CPU
		Release|Any CPU = Release|Any CPU
	EndGlobalSection
	GlobalSection(ProjectConfigurationPlatforms) = postSolution
		{038755EB-E2EC-4D6F-BCBC-09772D159344}.Debug|Any CPU.ActiveCfg = Debug|Any CPU
		{038755EB-E2EC-4D6F-BCBC-09772D159344}.Debug|Any CPU.Build.0 = Debug|Any CPU
		{038755EB-E2EC-4D6F-BCBC-09772D159344}.Release|Any CPU.ActiveCfg = Release|Any CPU
		{038755EB-E2EC-4D6F-BCBC-09772D159344}.Release|Any CPU.Build.0 = Release|Any CPU
		{98AD29C1-0BE7-45F7-AC5F-F2B43B2538BE}.Debug|Any CPU.ActiveCfg = Debug|Any CPU
		{98AD29C1-0BE7-45F7-AC5F-F2B43B2538BE}.Debug|Any CPU.Build.0 = Debug|Any CPU
		{98AD29C1-0BE7-45F7-AC5F-F2B43B2538BE}.Release|Any CPU.ActiveCfg = Release|Any CPU
		{98AD29C1-0BE7-45F7-AC5F-F2B43B2538BE}.Release|Any CPU.Build.0 = Release|Any CPU
	EndGlobalSection
	GlobalSection(SolutionProperties) = preSolution
		HideSolutionNode = FALSE
	EndGlobalSection
EndGlobal
